// !$*UTF8*$!
{
	archiveVersion = 1;
	classes = {
	};
	objectVersion = 50;
	objects = {

/* Begin PBXBuildFile section */
		D0635D322199000400874292 /* AppDelegate.swift in Sources */ = {isa = PBXBuildFile; fileRef = D0635D312199000400874292 /* AppDelegate.swift */; };
		D0635D3B2199000500874292 /* Assets.xcassets in Resources */ = {isa = PBXBuildFile; fileRef = D0635D3A2199000500874292 /* Assets.xcassets */; };
		D0635D4C2199010000874292 /* DurationUnit.swift in Sources */ = {isa = PBXBuildFile; fileRef = D0635D452199010000874292 /* DurationUnit.swift */; };
		D0635D4D2199010000874292 /* Stopwatch.swift in Sources */ = {isa = PBXBuildFile; fileRef = D0635D462199010000874292 /* Stopwatch.swift */; };
		D0635D4E2199010000874292 /* TimeViewController.swift in Sources */ = {isa = PBXBuildFile; fileRef = D0635D472199010000874292 /* TimeViewController.swift */; };
		D0635D4F2199010000874292 /* DUTimer.swift in Sources */ = {isa = PBXBuildFile; fileRef = D0635D482199010000874292 /* DUTimer.swift */; };
		D0635D502199010000874292 /* StopwatchViewController.swift in Sources */ = {isa = PBXBuildFile; fileRef = D0635D492199010000874292 /* StopwatchViewController.swift */; };
		D0635D512199010000874292 /* TimerViewController.swift in Sources */ = {isa = PBXBuildFile; fileRef = D0635D4A2199010000874292 /* TimerViewController.swift */; };
		D0635D522199010000874292 /* dtmf 4x.aiff in Resources */ = {isa = PBXBuildFile; fileRef = D0635D4B2199010000874292 /* dtmf 4x.aiff */; };
		D0635D55219901A000874292 /* Main.storyboard in Resources */ = {isa = PBXBuildFile; fileRef = D0635D53219901A000874292 /* Main.storyboard */; };
		D0635D56219901A000874292 /* LaunchScreen.storyboard in Resources */ = {isa = PBXBuildFile; fileRef = D0635D54219901A000874292 /* LaunchScreen.storyboard */; };
/* End PBXBuildFile section */

/* Begin PBXFileReference section */
		D0635D2E2199000400874292 /* DurationUnit5.app */ = {isa = PBXFileReference; explicitFileType = wrapper.application; includeInIndex = 0; path = DurationUnit5.app; sourceTree = BUILT_PRODUCTS_DIR; };
		D0635D312199000400874292 /* AppDelegate.swift */ = {isa = PBXFileReference; lastKnownFileType = sourcecode.swift; path = AppDelegate.swift; sourceTree = "<group>"; };
		D0635D3A2199000500874292 /* Assets.xcassets */ = {isa = PBXFileReference; lastKnownFileType = folder.assetcatalog; path = Assets.xcassets; sourceTree = "<group>"; };
		D0635D3F2199000500874292 /* Info.plist */ = {isa = PBXFileReference; lastKnownFileType = text.plist.xml; path = Info.plist; sourceTree = "<group>"; };
		D0635D452199010000874292 /* DurationUnit.swift */ = {isa = PBXFileReference; fileEncoding = 4; lastKnownFileType = sourcecode.swift; path = DurationUnit.swift; sourceTree = "<group>"; };
		D0635D462199010000874292 /* Stopwatch.swift */ = {isa = PBXFileReference; fileEncoding = 4; lastKnownFileType = sourcecode.swift; path = Stopwatch.swift; sourceTree = "<group>"; };
		D0635D472199010000874292 /* TimeViewController.swift */ = {isa = PBXFileReference; fileEncoding = 4; lastKnownFileType = sourcecode.swift; path = TimeViewController.swift; sourceTree = "<group>"; };
		D0635D482199010000874292 /* DUTimer.swift */ = {isa = PBXFileReference; fileEncoding = 4; lastKnownFileType = sourcecode.swift; path = DUTimer.swift; sourceTree = "<group>"; };
		D0635D492199010000874292 /* StopwatchViewController.swift */ = {isa = PBXFileReference; fileEncoding = 4; lastKnownFileType = sourcecode.swift; path = StopwatchViewController.swift; sourceTree = "<group>"; };
		D0635D4A2199010000874292 /* TimerViewController.swift */ = {isa = PBXFileReference; fileEncoding = 4; lastKnownFileType = sourcecode.swift; path = TimerViewController.swift; sourceTree = "<group>"; };
		D0635D4B2199010000874292 /* dtmf 4x.aiff */ = {isa = PBXFileReference; lastKnownFileType = audio.aiff; path = "dtmf 4x.aiff"; sourceTree = "<group>"; };
		D0635D53219901A000874292 /* Main.storyboard */ = {isa = PBXFileReference; fileEncoding = 4; lastKnownFileType = file.storyboard; path = Main.storyboard; sourceTree = "<group>"; };
		D0635D54219901A000874292 /* LaunchScreen.storyboard */ = {isa = PBXFileReference; fileEncoding = 4; lastKnownFileType = file.storyboard; path = LaunchScreen.storyboard; sourceTree = "<group>"; };
/* End PBXFileReference section */

/* Begin PBXFrameworksBuildPhase section */
		D0635D2B2199000400874292 /* Frameworks */ = {
			isa = PBXFrameworksBuildPhase;
			buildActionMask = 2147483647;
			files = (
			);
			runOnlyForDeploymentPostprocessing = 0;
		};
/* End PBXFrameworksBuildPhase section */

/* Begin PBXGroup section */
		D0635D252199000400874292 = {
			isa = PBXGroup;
			children = (
				D0635D302199000400874292 /* DurationUnit5 */,
				D0635D2F2199000400874292 /* Products */,
			);
			sourceTree = "<group>";
		};
		D0635D2F2199000400874292 /* Products */ = {
			isa = PBXGroup;
			children = (
				D0635D2E2199000400874292 /* DurationUnit5.app */,
			);
			name = Products;
			sourceTree = "<group>";
		};
		D0635D302199000400874292 /* DurationUnit5 */ = {
			isa = PBXGroup;
			children = (
				D0635D54219901A000874292 /* LaunchScreen.storyboard */,
				D0635D53219901A000874292 /* Main.storyboard */,
				D0635D312199000400874292 /* AppDelegate.swift */,
				D0635D4B2199010000874292 /* dtmf 4x.aiff */,
				D0635D452199010000874292 /* DurationUnit.swift */,
				D0635D482199010000874292 /* DUTimer.swift */,
				D0635D462199010000874292 /* Stopwatch.swift */,
				D0635D472199010000874292 /* TimeViewController.swift */,
				D0635D492199010000874292 /* StopwatchViewController.swift */,
				D0635D4A2199010000874292 /* TimerViewController.swift */,
				D0635D3A2199000500874292 /* Assets.xcassets */,
				D0635D3F2199000500874292 /* Info.plist */,
			);
			path = DurationUnit5;
			sourceTree = "<group>";
		};
/* End PBXGroup section */

/* Begin PBXNativeTarget section */
		D0635D2D2199000400874292 /* DurationUnit5 */ = {
			isa = PBXNativeTarget;
			buildConfigurationList = D0635D422199000500874292 /* Build configuration list for PBXNativeTarget "DurationUnit5" */;
			buildPhases = (
				D0635D2A2199000400874292 /* Sources */,
				D0635D2B2199000400874292 /* Frameworks */,
				D0635D2C2199000400874292 /* Resources */,
			);
			buildRules = (
			);
			dependencies = (
			);
			name = DurationUnit5;
			productName = DurationUnit5;
			productReference = D0635D2E2199000400874292 /* DurationUnit5.app */;
			productType = "com.apple.product-type.application";
		};
/* End PBXNativeTarget section */

/* Begin PBXProject section */
		D0635D262199000400874292 /* Project object */ = {
			isa = PBXProject;
			attributes = {
				LastSwiftUpdateCheck = 1010;
				LastUpgradeCheck = 1010;
				ORGANIZATIONNAME = "Peter Saathoff-Harshfield";
				TargetAttributes = {
					D0635D2D2199000400874292 = {
						CreatedOnToolsVersion = 10.1;
					};
				};
			};
			buildConfigurationList = D0635D292199000400874292 /* Build configuration list for PBXProject "DurationUnit5" */;
			compatibilityVersion = "Xcode 9.3";
			developmentRegion = en;
			hasScannedForEncodings = 0;
			knownRegions = (
				en,
				Base,
			);
			mainGroup = D0635D252199000400874292;
			productRefGroup = D0635D2F2199000400874292 /* Products */;
			projectDirPath = "";
			projectRoot = "";
			targets = (
				D0635D2D2199000400874292 /* DurationUnit5 */,
			);
		};
/* End PBXProject section */

/* Begin PBXResourcesBuildPhase section */
		D0635D2C2199000400874292 /* Resources */ = {
			isa = PBXResourcesBuildPhase;
			buildActionMask = 2147483647;
			files = (
				D0635D55219901A000874292 /* Main.storyboard in Resources */,
				D0635D56219901A000874292 /* LaunchScreen.storyboard in Resources */,
				D0635D3B2199000500874292 /* Assets.xcassets in Resources */,
				D0635D522199010000874292 /* dtmf 4x.aiff in Resources */,
			);
			runOnlyForDeploymentPostprocessing = 0;
		};
/* End PBXResourcesBuildPhase section */

/* Begin PBXSourcesBuildPhase section */
		D0635D2A2199000400874292 /* Sources */ = {
			isa = PBXSourcesBuildPhase;
			buildActionMask = 2147483647;
			files = (
				D0635D502199010000874292 /* StopwatchViewController.swift in Sources */,
				D0635D322199000400874292 /* AppDelegate.swift in Sources */,
				D0635D4E2199010000874292 /* TimeViewController.swift in Sources */,
				D0635D512199010000874292 /* TimerViewController.swift in Sources */,
				D0635D4F2199010000874292 /* DUTimer.swift in Sources */,
				D0635D4D2199010000874292 /* Stopwatch.swift in Sources */,
				D0635D4C2199010000874292 /* DurationUnit.swift in Sources */,
			);
			runOnlyForDeploymentPostprocessing = 0;
		};
/* End PBXSourcesBuildPhase section */

/* Begin XCBuildConfiguration section */
		D0635D402199000500874292 /* Debug */ = {
			isa = XCBuildConfiguration;
			buildSettings = {
				ALWAYS_SEARCH_USER_PATHS = NO;
				CLANG_ANALYZER_NONNULL = YES;
				CLANG_ANALYZER_NUMBER_OBJECT_CONVERSION = YES_AGGRESSIVE;
				CLANG_CXX_LANGUAGE_STANDARD = "gnu++14";
				CLANG_CXX_LIBRARY = "libc++";
				CLANG_ENABLE_MODULES = YES;
				CLANG_ENABLE_OBJC_ARC = YES;
				CLANG_ENABLE_OBJC_WEAK = YES;
				CLANG_WARN_BLOCK_CAPTURE_AUTORELEASING = YES;
				CLANG_WARN_BOOL_CONVERSION = YES;
				CLANG_WARN_COMMA = YES;
				CLANG_WARN_CONSTANT_CONVERSION = YES;
				CLANG_WARN_DEPRECATED_OBJC_IMPLEMENTATIONS = YES;
				CLANG_WARN_DIRECT_OBJC_ISA_USAGE = YES_ERROR;
				CLANG_WARN_DOCUMENTATION_COMMENTS = YES;
				CLANG_WARN_EMPTY_BODY = YES;
				CLANG_WARN_ENUM_CONVERSION = YES;
				CLANG_WARN_INFINITE_RECURSION = YES;
				CLANG_WARN_INT_CONVERSION = YES;
				CLANG_WARN_NON_LITERAL_NULL_CONVERSION = YES;
				CLANG_WARN_OBJC_IMPLICIT_RETAIN_SELF = YES;
				CLANG_WARN_OBJC_LITERAL_CONVERSION = YES;
				CLANG_WARN_OBJC_ROOT_CLASS = YES_ERROR;
				CLANG_WARN_RANGE_LOOP_ANALYSIS = YES;
				CLANG_WARN_STRICT_PROTOTYPES = YES;
				CLANG_WARN_SUSPICIOUS_MOVE = YES;
				CLANG_WARN_UNGUARDED_AVAILABILITY = YES_AGGRESSIVE;
				CLANG_WARN_UNREACHABLE_CODE = YES;
				CLANG_WARN__DUPLICATE_METHOD_MATCH = YES;
				CODE_SIGN_IDENTITY = "iPhone Developer";
				COPY_PHASE_STRIP = NO;
				DEBUG_INFORMATION_FORMAT = dwarf;
				ENABLE_STRICT_OBJC_MSGSEND = YES;
				ENABLE_TESTABILITY = YES;
				GCC_C_LANGUAGE_STANDARD = gnu11;
				GCC_DYNAMIC_NO_PIC = NO;
				GCC_NO_COMMON_BLOCKS = YES;
				GCC_OPTIMIZATION_LEVEL = 0;
				GCC_PREPROCESSOR_DEFINITIONS = (
					"DEBUG=1",
					"$(inherited)",
				);
				GCC_WARN_64_TO_32_BIT_CONVERSION = YES;
				GCC_WARN_ABOUT_RETURN_TYPE = YES_ERROR;
				GCC_WARN_UNDECLARED_SELECTOR = YES;
				GCC_WARN_UNINITIALIZED_AUTOS = YES_AGGRESSIVE;
				GCC_WARN_UNUSED_FUNCTION = YES;
				GCC_WARN_UNUSED_VARIABLE = YES;
				IPHONEOS_DEPLOYMENT_TARGET = 12.1;
				MTL_ENABLE_DEBUG_INFO = INCLUDE_SOURCE;
				MTL_FAST_MATH = YES;
				ONLY_ACTIVE_ARCH = YES;
				SDKROOT = iphoneos;
				SWIFT_ACTIVE_COMPILATION_CONDITIONS = DEBUG;
				SWIFT_OPTIMIZATION_LEVEL = "-Onone";
			};
			name = Debug;
		};
		D0635D412199000500874292 /* Release */ = {
			isa = XCBuildConfiguration;
			buildSettings = {
				ALWAYS_SEARCH_USER_PATHS = NO;
				CLANG_ANALYZER_NONNULL = YES;
				CLANG_ANALYZER_NUMBER_OBJECT_CONVERSION = YES_AGGRESSIVE;
				CLANG_CXX_LANGUAGE_STANDARD = "gnu++14";
				CLANG_CXX_LIBRARY = "libc++";
				CLANG_ENABLE_MODULES = YES;
				CLANG_ENABLE_OBJC_ARC = YES;
				CLANG_ENABLE_OBJC_WEAK = YES;
				CLANG_WARN_BLOCK_CAPTURE_AUTORELEASING = YES;
				CLANG_WARN_BOOL_CONVERSION = YES;
				CLANG_WARN_COMMA = YES;
				CLANG_WARN_CONSTANT_CONVERSION = YES;
				CLANG_WARN_DEPRECATED_OBJC_IMPLEMENTATIONS = YES;
				CLANG_WARN_DIRECT_OBJC_ISA_USAGE = YES_ERROR;
				CLANG_WARN_DOCUMENTATION_COMMENTS = YES;
				CLANG_WARN_EMPTY_BODY = YES;
				CLANG_WARN_ENUM_CONVERSION = YES;
				CLANG_WARN_INFINITE_RECURSION = YES;
				CLANG_WARN_INT_CONVERSION = YES;
				CLANG_WARN_NON_LITERAL_NULL_CONVERSION = YES;
				CLANG_WARN_OBJC_IMPLICIT_RETAIN_SELF = YES;
				CLANG_WARN_OBJC_LITERAL_CONVERSION = YES;
				CLANG_WARN_OBJC_ROOT_CLASS = YES_ERROR;
				CLANG_WARN_RANGE_LOOP_ANALYSIS = YES;
				CLANG_WARN_STRICT_PROTOTYPES = YES;
				CLANG_WARN_SUSPICIOUS_MOVE = YES;
				CLANG_WARN_UNGUARDED_AVAILABILITY = YES_AGGRESSIVE;
				CLANG_WARN_UNREACHABLE_CODE = YES;
				CLANG_WARN__DUPLICATE_METHOD_MATCH = YES;
				CODE_SIGN_IDENTITY = "iPhone Developer";
				COPY_PHASE_STRIP = NO;
				DEBUG_INFORMATION_FORMAT = "dwarf-with-dsym";
				ENABLE_NS_ASSERTIONS = NO;
				ENABLE_STRICT_OBJC_MSGSEND = YES;
				GCC_C_LANGUAGE_STANDARD = gnu11;
				GCC_NO_COMMON_BLOCKS = YES;
				GCC_WARN_64_TO_32_BIT_CONVERSION = YES;
				GCC_WARN_ABOUT_RETURN_TYPE = YES_ERROR;
				GCC_WARN_UNDECLARED_SELECTOR = YES;
				GCC_WARN_UNINITIALIZED_AUTOS = YES_AGGRESSIVE;
				GCC_WARN_UNUSED_FUNCTION = YES;
				GCC_WARN_UNUSED_VARIABLE = YES;
				IPHONEOS_DEPLOYMENT_TARGET = 12.1;
				MTL_ENABLE_DEBUG_INFO = NO;
				MTL_FAST_MATH = YES;
				SDKROOT = iphoneos;
				SWIFT_COMPILATION_MODE = wholemodule;
				SWIFT_OPTIMIZATION_LEVEL = "-O";
				VALIDATE_PRODUCT = YES;
			};
			name = Release;
		};
		D0635D432199000500874292 /* Debug */ = {
			isa = XCBuildConfiguration;
			buildSettings = {
				ASSETCATALOG_COMPILER_APPICON_NAME = AppIcon;
				CODE_SIGN_STYLE = Automatic;
				DEVELOPMENT_TEAM = 9T58DUDY95;
				INFOPLIST_FILE = DurationUnit5/Info.plist;
				LD_RUNPATH_SEARCH_PATHS = (
					"$(inherited)",
					"@executable_path/Frameworks",
				);
				PRODUCT_BUNDLE_IDENTIFIER = com.petersaathoffharshfield.me.DurationUnit5;
				PRODUCT_NAME = "$(TARGET_NAME)";
				SWIFT_VERSION = 4.2;
				TARGETED_DEVICE_FAMILY = "1,2";
			};
			name = Debug;
		};
		D0635D442199000500874292 /* Release */ = {
			isa = XCBuildConfiguration;
			buildSettings = {
				ASSETCATALOG_COMPILER_APPICON_NAME = AppIcon;
				CODE_SIGN_STYLE = Automatic;
				DEVELOPMENT_TEAM = 9T58DUDY95;
				INFOPLIST_FILE = DurationUnit5/Info.plist;
				LD_RUNPATH_SEARCH_PATHS = (
					"$(inherited)",
					"@executable_path/Frameworks",
				);
				PRODUCT_BUNDLE_IDENTIFIER = com.petersaathoffharshfield.me.DurationUnit5;
				PRODUCT_NAME = "$(TARGET_NAME)";
				SWIFT_VERSION = 4.2;
				TARGETED_DEVICE_FAMILY = "1,2";
			};
			name = Release;
		};
/* End XCBuildConfiguration section */

/* Begin XCConfigurationList section */
		D0635D292199000400874292 /* Build configuration list for PBXProject "DurationUnit5" */ = {
			isa = XCConfigurationList;
			buildConfigurations = (
				D0635D402199000500874292 /* Debug */,
				D0635D412199000500874292 /* Release */,
			);
			defaultConfigurationIsVisible = 0;
			defaultConfigurationName = Release;
		};
		D0635D422199000500874292 /* Build configuration list for PBXNativeTarget "DurationUnit5" */ = {
			isa = XCConfigurationList;
			buildConfigurations = (
				D0635D432199000500874292 /* Debug */,
				D0635D442199000500874292 /* Release */,
			);
			defaultConfigurationIsVisible = 0;
			defaultConfigurationName = Release;
		};
/* End XCConfigurationList section */
	};
	rootObject = D0635D262199000400874292 /* Project object */;
}
